
Microsoft Visual Studio Solution File, Format Version 12.00
# Visual Studio Version 17
VisualStudioVersion = 17.2.32519.379
MinimumVisualStudioVersion = 10.0.40219.1
Project("{FAE04EC0-301F-11D3-BF4B-00C04F79EFBC}") = "WordSearch.Droid", "Platforms\WordSearch.Droid\WordSearch.Droid.csproj", "{2057579D-8FB7-4391-9623-2E67B5D2A9E0}"
EndProject
Project("{FAE04EC0-301F-11D3-BF4B-00C04F79EFBC}") = "WordSearch.iOS", "Platforms\WordSearch.iOS\WordSearch.iOS.csproj", "{CD0A7EE9-7DFB-41C0-AAF7-405CE90A8BF6}"
EndProject
Project("{9A19103F-16F7-4668-BE54-9A1E7A4F7556}") = "WordSearch.Services", "Common\WordSearch.Services\WordSearch.Services.csproj", "{2D0D4A11-6AF5-4D5D-9C73-D4E0A8165987}"
EndProject
Project("{9A19103F-16F7-4668-BE54-9A1E7A4F7556}") = "WordSearch.Data", "Common\WordSearch.Data\WordSearch.Data.csproj", "{C57D2C22-666F-44A0-9CAC-682C1FFC5AF9}"
	ProjectSection(ProjectDependencies) = postProject
		{FC98AF49-909F-4691-89A2-94A406CAF5DD} = {FC98AF49-909F-4691-89A2-94A406CAF5DD}
	EndProjectSection
EndProject
Project("{9A19103F-16F7-4668-BE54-9A1E7A4F7556}") = "WordSearch.Models", "Common\WordSearch.Models\WordSearch.Models.csproj", "{FC98AF49-909F-4691-89A2-94A406CAF5DD}"
EndProject
Project("{9A19103F-16F7-4668-BE54-9A1E7A4F7556}") = "WordSearch.Helpers", "Common\WordSearch.Helpers\WordSearch.Helpers.csproj", "{39BDC38F-C343-44D9-83AB-B9A9CDA7EC81}"
EndProject
Project("{9A19103F-16F7-4668-BE54-9A1E7A4F7556}") = "WordSearch.Ioc", "Common\WordSearch.IoC\WordSearch.Ioc.csproj", "{EA1491CF-B2C0-477B-B5DE-95062C0FD0FD}"
EndProject
Project("{9A19103F-16F7-4668-BE54-9A1E7A4F7556}") = "WordSearch.Presentation", "WordSearch.Presentation\WordSearch.Presentation.csproj", "{FDF9F414-3F4D-4BC8-AF18-1146EB2725E4}"
EndProject
Project("{9A19103F-16F7-4668-BE54-9A1E7A4F7556}") = "WordSearch.Bootstrapper", "WordSearch.Bootstrapper\WordSearch.Bootstrapper.csproj", "{CF02E929-9FE3-4EC8-9C1F-2BBB2C935D54}"
EndProject
Project("{9A19103F-16F7-4668-BE54-9A1E7A4F7556}") = "WordSearch.Assets", "Common\WordSearch.Assets\WordSearch.Assets.csproj", "{5D1F19AA-690A-41E3-90E7-61545E4F5447}"
EndProject
Project("{9A19103F-16F7-4668-BE54-9A1E7A4F7556}") = "WordSearch.Mappers", "Common\WordSearch.Mappers\WordSearch.Mappers.csproj", "{E79B29CC-DC94-461C-A7DF-D28C6ECCAD35}"
EndProject
Project("{9A19103F-16F7-4668-BE54-9A1E7A4F7556}") = "WordSearch.Presentation.Models", "Common\WordSearch.Presentation.Models\WordSearch.Presentation.Models.csproj", "{20FE0239-D640-4846-8DCA-7833CAC46C07}"
EndProject
Project("{9A19103F-16F7-4668-BE54-9A1E7A4F7556}") = "WordSearch.Core", "Common\WordSearch.Core\WordSearch.Core.csproj", "{3F29EF90-46E3-4A5F-959C-DFFAF78BBD21}"
EndProject
Project("{FAE04EC0-301F-11D3-BF4B-00C04F79EFBC}") = "WordSearch.Application", "WordSearch.Application\WordSearch.Application.csproj", "{9066DB1B-69CF-442F-8992-C490D853CEBC}"
EndProject
Project("{FAE04EC0-301F-11D3-BF4B-00C04F79EFBC}") = "WordSearch.Domain", "WordSearch.Domain\WordSearch.Domain.csproj", "{762326FD-5908-47E0-A43E-77CFC30B3762}"
EndProject
Project("{FAE04EC0-301F-11D3-BF4B-00C04F79EFBC}") = "WordSearch.Infrastructure", "WordSearch.Infrastructure\WordSearch.Infrastructure.csproj", "{332D1887-F175-4BEC-94F9-C618261DAC11}"
EndProject
Project("{FAE04EC0-301F-11D3-BF4B-00C04F79EFBC}") = "WordSearch.Common", "WordSearch.Common\WordSearch.Common.csproj", "{67AF6DC4-4B01-401E-BBA8-8F0FB62BDD66}"
EndProject
Global
	GlobalSection(SolutionConfigurationPlatforms) = preSolution
		Debug|Any CPU = Debug|Any CPU
		Debug|iPhone = Debug|iPhone
		Debug|iPhoneSimulator = Debug|iPhoneSimulator
		Release|Any CPU = Release|Any CPU
		Release|iPhone = Release|iPhone
		Release|iPhoneSimulator = Release|iPhoneSimulator
	EndGlobalSection
	GlobalSection(ProjectConfigurationPlatforms) = postSolution
		{2057579D-8FB7-4391-9623-2E67B5D2A9E0}.Debug|Any CPU.ActiveCfg = Debug|Any CPU
		{2057579D-8FB7-4391-9623-2E67B5D2A9E0}.Debug|Any CPU.Build.0 = Debug|Any CPU
		{2057579D-8FB7-4391-9623-2E67B5D2A9E0}.Debug|Any CPU.Deploy.0 = Debug|Any CPU
		{2057579D-8FB7-4391-9623-2E67B5D2A9E0}.Debug|iPhone.ActiveCfg = Debug|Any CPU
		{2057579D-8FB7-4391-9623-2E67B5D2A9E0}.Debug|iPhone.Build.0 = Debug|Any CPU
		{2057579D-8FB7-4391-9623-2E67B5D2A9E0}.Debug|iPhone.Deploy.0 = Debug|Any CPU
		{2057579D-8FB7-4391-9623-2E67B5D2A9E0}.Debug|iPhoneSimulator.ActiveCfg = Debug|Any CPU
		{2057579D-8FB7-4391-9623-2E67B5D2A9E0}.Debug|iPhoneSimulator.Build.0 = Debug|Any CPU
		{2057579D-8FB7-4391-9623-2E67B5D2A9E0}.Debug|iPhoneSimulator.Deploy.0 = Debug|Any CPU
		{2057579D-8FB7-4391-9623-2E67B5D2A9E0}.Release|Any CPU.ActiveCfg = Release|Any CPU
		{2057579D-8FB7-4391-9623-2E67B5D2A9E0}.Release|Any CPU.Build.0 = Release|Any CPU
		{2057579D-8FB7-4391-9623-2E67B5D2A9E0}.Release|Any CPU.Deploy.0 = Release|Any CPU
		{2057579D-8FB7-4391-9623-2E67B5D2A9E0}.Release|iPhone.ActiveCfg = Release|Any CPU
		{2057579D-8FB7-4391-9623-2E67B5D2A9E0}.Release|iPhone.Build.0 = Release|Any CPU
		{2057579D-8FB7-4391-9623-2E67B5D2A9E0}.Release|iPhone.Deploy.0 = Release|Any CPU
		{2057579D-8FB7-4391-9623-2E67B5D2A9E0}.Release|iPhoneSimulator.ActiveCfg = Release|Any CPU
		{2057579D-8FB7-4391-9623-2E67B5D2A9E0}.Release|iPhoneSimulator.Build.0 = Release|Any CPU
		{2057579D-8FB7-4391-9623-2E67B5D2A9E0}.Release|iPhoneSimulator.Deploy.0 = Release|Any CPU
		{CD0A7EE9-7DFB-41C0-AAF7-405CE90A8BF6}.Debug|Any CPU.ActiveCfg = Debug|iPhone
		{CD0A7EE9-7DFB-41C0-AAF7-405CE90A8BF6}.Debug|Any CPU.Build.0 = Debug|iPhone
		{CD0A7EE9-7DFB-41C0-AAF7-405CE90A8BF6}.Debug|Any CPU.Deploy.0 = Debug|iPhone
		{CD0A7EE9-7DFB-41C0-AAF7-405CE90A8BF6}.Debug|iPhone.ActiveCfg = Debug|iPhone
		{CD0A7EE9-7DFB-41C0-AAF7-405CE90A8BF6}.Debug|iPhone.Build.0 = Debug|iPhone
		{CD0A7EE9-7DFB-41C0-AAF7-405CE90A8BF6}.Debug|iPhone.Deploy.0 = Debug|iPhone
		{CD0A7EE9-7DFB-41C0-AAF7-405CE90A8BF6}.Debug|iPhoneSimulator.ActiveCfg = Debug|iPhoneSimulator
		{CD0A7EE9-7DFB-41C0-AAF7-405CE90A8BF6}.Debug|iPhoneSimulator.Build.0 = Debug|iPhoneSimulator
		{CD0A7EE9-7DFB-41C0-AAF7-405CE90A8BF6}.Debug|iPhoneSimulator.Deploy.0 = Debug|iPhoneSimulator
		{CD0A7EE9-7DFB-41C0-AAF7-405CE90A8BF6}.Release|Any CPU.ActiveCfg = Release|iPhoneSimulator
		{CD0A7EE9-7DFB-41C0-AAF7-405CE90A8BF6}.Release|Any CPU.Build.0 = Release|iPhoneSimulator
		{CD0A7EE9-7DFB-41C0-AAF7-405CE90A8BF6}.Release|Any CPU.Deploy.0 = Release|iPhoneSimulator
		{CD0A7EE9-7DFB-41C0-AAF7-405CE90A8BF6}.Release|iPhone.ActiveCfg = Release|iPhone
		{CD0A7EE9-7DFB-41C0-AAF7-405CE90A8BF6}.Release|iPhone.Build.0 = Release|iPhone
		{CD0A7EE9-7DFB-41C0-AAF7-405CE90A8BF6}.Release|iPhone.Deploy.0 = Release|iPhone
		{CD0A7EE9-7DFB-41C0-AAF7-405CE90A8BF6}.Release|iPhoneSimulator.ActiveCfg = Release|iPhoneSimulator
		{CD0A7EE9-7DFB-41C0-AAF7-405CE90A8BF6}.Release|iPhoneSimulator.Build.0 = Release|iPhoneSimulator
		{CD0A7EE9-7DFB-41C0-AAF7-405CE90A8BF6}.Release|iPhoneSimulator.Deploy.0 = Release|iPhoneSimulator
		{2D0D4A11-6AF5-4D5D-9C73-D4E0A8165987}.Debug|Any CPU.ActiveCfg = Debug|Any CPU
		{2D0D4A11-6AF5-4D5D-9C73-D4E0A8165987}.Debug|Any CPU.Build.0 = Debug|Any CPU
		{2D0D4A11-6AF5-4D5D-9C73-D4E0A8165987}.Debug|iPhone.ActiveCfg = Debug|Any CPU
		{2D0D4A11-6AF5-4D5D-9C73-D4E0A8165987}.Debug|iPhone.Build.0 = Debug|Any CPU
		{2D0D4A11-6AF5-4D5D-9C73-D4E0A8165987}.Debug|iPhoneSimulator.ActiveCfg = Debug|Any CPU
		{2D0D4A11-6AF5-4D5D-9C73-D4E0A8165987}.Debug|iPhoneSimulator.Build.0 = Debug|Any CPU
		{2D0D4A11-6AF5-4D5D-9C73-D4E0A8165987}.Release|Any CPU.ActiveCfg = Release|Any CPU
		{2D0D4A11-6AF5-4D5D-9C73-D4E0A8165987}.Release|Any CPU.Build.0 = Release|Any CPU
		{2D0D4A11-6AF5-4D5D-9C73-D4E0A8165987}.Release|iPhone.ActiveCfg = Release|Any CPU
		{2D0D4A11-6AF5-4D5D-9C73-D4E0A8165987}.Release|iPhone.Build.0 = Release|Any CPU
		{2D0D4A11-6AF5-4D5D-9C73-D4E0A8165987}.Release|iPhoneSimulator.ActiveCfg = Release|Any CPU
		{2D0D4A11-6AF5-4D5D-9C73-D4E0A8165987}.Release|iPhoneSimulator.Build.0 = Release|Any CPU
		{C57D2C22-666F-44A0-9CAC-682C1FFC5AF9}.Debug|Any CPU.ActiveCfg = Debug|Any CPU
		{C57D2C22-666F-44A0-9CAC-682C1FFC5AF9}.Debug|Any CPU.Build.0 = Debug|Any CPU
		{C57D2C22-666F-44A0-9CAC-682C1FFC5AF9}.Debug|iPhone.ActiveCfg = Debug|Any CPU
		{C57D2C22-666F-44A0-9CAC-682C1FFC5AF9}.Debug|iPhone.Build.0 = Debug|Any CPU
		{C57D2C22-666F-44A0-9CAC-682C1FFC5AF9}.Debug|iPhoneSimulator.ActiveCfg = Debug|Any CPU
		{C57D2C22-666F-44A0-9CAC-682C1FFC5AF9}.Debug|iPhoneSimulator.Build.0 = Debug|Any CPU
		{C57D2C22-666F-44A0-9CAC-682C1FFC5AF9}.Release|Any CPU.ActiveCfg = Release|Any CPU
		{C57D2C22-666F-44A0-9CAC-682C1FFC5AF9}.Release|Any CPU.Build.0 = Release|Any CPU
		{C57D2C22-666F-44A0-9CAC-682C1FFC5AF9}.Release|iPhone.ActiveCfg = Release|Any CPU
		{C57D2C22-666F-44A0-9CAC-682C1FFC5AF9}.Release|iPhone.Build.0 = Release|Any CPU
		{C57D2C22-666F-44A0-9CAC-682C1FFC5AF9}.Release|iPhoneSimulator.ActiveCfg = Release|Any CPU
		{C57D2C22-666F-44A0-9CAC-682C1FFC5AF9}.Release|iPhoneSimulator.Build.0 = Release|Any CPU
		{FC98AF49-909F-4691-89A2-94A406CAF5DD}.Debug|Any CPU.ActiveCfg = Debug|Any CPU
		{FC98AF49-909F-4691-89A2-94A406CAF5DD}.Debug|Any CPU.Build.0 = Debug|Any CPU
		{FC98AF49-909F-4691-89A2-94A406CAF5DD}.Debug|iPhone.ActiveCfg = Debug|Any CPU
		{FC98AF49-909F-4691-89A2-94A406CAF5DD}.Debug|iPhone.Build.0 = Debug|Any CPU
		{FC98AF49-909F-4691-89A2-94A406CAF5DD}.Debug|iPhoneSimulator.ActiveCfg = Debug|Any CPU
		{FC98AF49-909F-4691-89A2-94A406CAF5DD}.Debug|iPhoneSimulator.Build.0 = Debug|Any CPU
		{FC98AF49-909F-4691-89A2-94A406CAF5DD}.Release|Any CPU.ActiveCfg = Release|Any CPU
		{FC98AF49-909F-4691-89A2-94A406CAF5DD}.Release|Any CPU.Build.0 = Release|Any CPU
		{FC98AF49-909F-4691-89A2-94A406CAF5DD}.Release|iPhone.ActiveCfg = Release|Any CPU
		{FC98AF49-909F-4691-89A2-94A406CAF5DD}.Release|iPhone.Build.0 = Release|Any CPU
		{FC98AF49-909F-4691-89A2-94A406CAF5DD}.Release|iPhoneSimulator.ActiveCfg = Release|Any CPU
		{FC98AF49-909F-4691-89A2-94A406CAF5DD}.Release|iPhoneSimulator.Build.0 = Release|Any CPU
		{39BDC38F-C343-44D9-83AB-B9A9CDA7EC81}.Debug|Any CPU.ActiveCfg = Debug|Any CPU
		{39BDC38F-C343-44D9-83AB-B9A9CDA7EC81}.Debug|Any CPU.Build.0 = Debug|Any CPU
		{39BDC38F-C343-44D9-83AB-B9A9CDA7EC81}.Debug|iPhone.ActiveCfg = Debug|Any CPU
		{39BDC38F-C343-44D9-83AB-B9A9CDA7EC81}.Debug|iPhone.Build.0 = Debug|Any CPU
		{39BDC38F-C343-44D9-83AB-B9A9CDA7EC81}.Debug|iPhoneSimulator.ActiveCfg = Debug|Any CPU
		{39BDC38F-C343-44D9-83AB-B9A9CDA7EC81}.Debug|iPhoneSimulator.Build.0 = Debug|Any CPU
		{39BDC38F-C343-44D9-83AB-B9A9CDA7EC81}.Release|Any CPU.ActiveCfg = Release|Any CPU
		{39BDC38F-C343-44D9-83AB-B9A9CDA7EC81}.Release|Any CPU.Build.0 = Release|Any CPU
		{39BDC38F-C343-44D9-83AB-B9A9CDA7EC81}.Release|iPhone.ActiveCfg = Release|Any CPU
		{39BDC38F-C343-44D9-83AB-B9A9CDA7EC81}.Release|iPhone.Build.0 = Release|Any CPU
		{39BDC38F-C343-44D9-83AB-B9A9CDA7EC81}.Release|iPhoneSimulator.ActiveCfg = Release|Any CPU
		{39BDC38F-C343-44D9-83AB-B9A9CDA7EC81}.Release|iPhoneSimulator.Build.0 = Release|Any CPU
		{EA1491CF-B2C0-477B-B5DE-95062C0FD0FD}.Debug|Any CPU.ActiveCfg = Debug|Any CPU
		{EA1491CF-B2C0-477B-B5DE-95062C0FD0FD}.Debug|Any CPU.Build.0 = Debug|Any CPU
		{EA1491CF-B2C0-477B-B5DE-95062C0FD0FD}.Debug|iPhone.ActiveCfg = Debug|Any CPU
		{EA1491CF-B2C0-477B-B5DE-95062C0FD0FD}.Debug|iPhone.Build.0 = Debug|Any CPU
		{EA1491CF-B2C0-477B-B5DE-95062C0FD0FD}.Debug|iPhoneSimulator.ActiveCfg = Debug|Any CPU
		{EA1491CF-B2C0-477B-B5DE-95062C0FD0FD}.Debug|iPhoneSimulator.Build.0 = Debug|Any CPU
		{EA1491CF-B2C0-477B-B5DE-95062C0FD0FD}.Release|Any CPU.ActiveCfg = Release|Any CPU
		{EA1491CF-B2C0-477B-B5DE-95062C0FD0FD}.Release|Any CPU.Build.0 = Release|Any CPU
		{EA1491CF-B2C0-477B-B5DE-95062C0FD0FD}.Release|iPhone.ActiveCfg = Release|Any CPU
		{EA1491CF-B2C0-477B-B5DE-95062C0FD0FD}.Release|iPhone.Build.0 = Release|Any CPU
		{EA1491CF-B2C0-477B-B5DE-95062C0FD0FD}.Release|iPhoneSimulator.ActiveCfg = Release|Any CPU
		{EA1491CF-B2C0-477B-B5DE-95062C0FD0FD}.Release|iPhoneSimulator.Build.0 = Release|Any CPU
		{FDF9F414-3F4D-4BC8-AF18-1146EB2725E4}.Debug|Any CPU.ActiveCfg = Debug|Any CPU
		{FDF9F414-3F4D-4BC8-AF18-1146EB2725E4}.Debug|Any CPU.Build.0 = Debug|Any CPU
		{FDF9F414-3F4D-4BC8-AF18-1146EB2725E4}.Debug|iPhone.ActiveCfg = Debug|Any CPU
		{FDF9F414-3F4D-4BC8-AF18-1146EB2725E4}.Debug|iPhone.Build.0 = Debug|Any CPU
		{FDF9F414-3F4D-4BC8-AF18-1146EB2725E4}.Debug|iPhoneSimulator.ActiveCfg = Debug|Any CPU
		{FDF9F414-3F4D-4BC8-AF18-1146EB2725E4}.Debug|iPhoneSimulator.Build.0 = Debug|Any CPU
		{FDF9F414-3F4D-4BC8-AF18-1146EB2725E4}.Release|Any CPU.ActiveCfg = Release|Any CPU
		{FDF9F414-3F4D-4BC8-AF18-1146EB2725E4}.Release|Any CPU.Build.0 = Release|Any CPU
		{FDF9F414-3F4D-4BC8-AF18-1146EB2725E4}.Release|iPhone.ActiveCfg = Release|Any CPU
		{FDF9F414-3F4D-4BC8-AF18-1146EB2725E4}.Release|iPhone.Build.0 = Release|Any CPU
		{FDF9F414-3F4D-4BC8-AF18-1146EB2725E4}.Release|iPhoneSimulator.ActiveCfg = Release|Any CPU
		{FDF9F414-3F4D-4BC8-AF18-1146EB2725E4}.Release|iPhoneSimulator.Build.0 = Release|Any CPU
		{CF02E929-9FE3-4EC8-9C1F-2BBB2C935D54}.Debug|Any CPU.ActiveCfg = Debug|Any CPU
		{CF02E929-9FE3-4EC8-9C1F-2BBB2C935D54}.Debug|Any CPU.Build.0 = Debug|Any CPU
		{CF02E929-9FE3-4EC8-9C1F-2BBB2C935D54}.Debug|iPhone.ActiveCfg = Debug|Any CPU
		{CF02E929-9FE3-4EC8-9C1F-2BBB2C935D54}.Debug|iPhone.Build.0 = Debug|Any CPU
		{CF02E929-9FE3-4EC8-9C1F-2BBB2C935D54}.Debug|iPhoneSimulator.ActiveCfg = Debug|Any CPU
		{CF02E929-9FE3-4EC8-9C1F-2BBB2C935D54}.Debug|iPhoneSimulator.Build.0 = Debug|Any CPU
		{CF02E929-9FE3-4EC8-9C1F-2BBB2C935D54}.Release|Any CPU.ActiveCfg = Release|Any CPU
		{CF02E929-9FE3-4EC8-9C1F-2BBB2C935D54}.Release|Any CPU.Build.0 = Release|Any CPU
		{CF02E929-9FE3-4EC8-9C1F-2BBB2C935D54}.Release|iPhone.ActiveCfg = Release|Any CPU
		{CF02E929-9FE3-4EC8-9C1F-2BBB2C935D54}.Release|iPhone.Build.0 = Release|Any CPU
		{CF02E929-9FE3-4EC8-9C1F-2BBB2C935D54}.Release|iPhoneSimulator.ActiveCfg = Release|Any CPU
		{CF02E929-9FE3-4EC8-9C1F-2BBB2C935D54}.Release|iPhoneSimulator.Build.0 = Release|Any CPU
		{5D1F19AA-690A-41E3-90E7-61545E4F5447}.Debug|Any CPU.ActiveCfg = Debug|Any CPU
		{5D1F19AA-690A-41E3-90E7-61545E4F5447}.Debug|Any CPU.Build.0 = Debug|Any CPU
		{5D1F19AA-690A-41E3-90E7-61545E4F5447}.Debug|iPhone.ActiveCfg = Debug|Any CPU
		{5D1F19AA-690A-41E3-90E7-61545E4F5447}.Debug|iPhone.Build.0 = Debug|Any CPU
		{5D1F19AA-690A-41E3-90E7-61545E4F5447}.Debug|iPhoneSimulator.ActiveCfg = Debug|Any CPU
		{5D1F19AA-690A-41E3-90E7-61545E4F5447}.Debug|iPhoneSimulator.Build.0 = Debug|Any CPU
		{5D1F19AA-690A-41E3-90E7-61545E4F5447}.Release|Any CPU.ActiveCfg = Release|Any CPU
		{5D1F19AA-690A-41E3-90E7-61545E4F5447}.Release|Any CPU.Build.0 = Release|Any CPU
		{5D1F19AA-690A-41E3-90E7-61545E4F5447}.Release|iPhone.ActiveCfg = Release|Any CPU
		{5D1F19AA-690A-41E3-90E7-61545E4F5447}.Release|iPhone.Build.0 = Release|Any CPU
		{5D1F19AA-690A-41E3-90E7-61545E4F5447}.Release|iPhoneSimulator.ActiveCfg = Release|Any CPU
		{5D1F19AA-690A-41E3-90E7-61545E4F5447}.Release|iPhoneSimulator.Build.0 = Release|Any CPU
		{E79B29CC-DC94-461C-A7DF-D28C6ECCAD35}.Debug|Any CPU.ActiveCfg = Debug|Any CPU
		{E79B29CC-DC94-461C-A7DF-D28C6ECCAD35}.Debug|Any CPU.Build.0 = Debug|Any CPU
		{E79B29CC-DC94-461C-A7DF-D28C6ECCAD35}.Debug|iPhone.ActiveCfg = Debug|Any CPU
		{E79B29CC-DC94-461C-A7DF-D28C6ECCAD35}.Debug|iPhone.Build.0 = Debug|Any CPU
		{E79B29CC-DC94-461C-A7DF-D28C6ECCAD35}.Debug|iPhoneSimulator.ActiveCfg = Debug|Any CPU
		{E79B29CC-DC94-461C-A7DF-D28C6ECCAD35}.Debug|iPhoneSimulator.Build.0 = Debug|Any CPU
		{E79B29CC-DC94-461C-A7DF-D28C6ECCAD35}.Release|Any CPU.ActiveCfg = Release|Any CPU
		{E79B29CC-DC94-461C-A7DF-D28C6ECCAD35}.Release|Any CPU.Build.0 = Release|Any CPU
		{E79B29CC-DC94-461C-A7DF-D28C6ECCAD35}.Release|iPhone.ActiveCfg = Release|Any CPU
		{E79B29CC-DC94-461C-A7DF-D28C6ECCAD35}.Release|iPhone.Build.0 = Release|Any CPU
		{E79B29CC-DC94-461C-A7DF-D28C6ECCAD35}.Release|iPhoneSimulator.ActiveCfg = Release|Any CPU
		{E79B29CC-DC94-461C-A7DF-D28C6ECCAD35}.Release|iPhoneSimulator.Build.0 = Release|Any CPU
		{20FE0239-D640-4846-8DCA-7833CAC46C07}.Debug|Any CPU.ActiveCfg = Debug|Any CPU
		{20FE0239-D640-4846-8DCA-7833CAC46C07}.Debug|Any CPU.Build.0 = Debug|Any CPU
		{20FE0239-D640-4846-8DCA-7833CAC46C07}.Debug|iPhone.ActiveCfg = Debug|Any CPU
		{20FE0239-D640-4846-8DCA-7833CAC46C07}.Debug|iPhone.Build.0 = Debug|Any CPU
		{20FE0239-D640-4846-8DCA-7833CAC46C07}.Debug|iPhoneSimulator.ActiveCfg = Debug|Any CPU
		{20FE0239-D640-4846-8DCA-7833CAC46C07}.Debug|iPhoneSimulator.Build.0 = Debug|Any CPU
		{20FE0239-D640-4846-8DCA-7833CAC46C07}.Release|Any CPU.ActiveCfg = Release|Any CPU
		{20FE0239-D640-4846-8DCA-7833CAC46C07}.Release|Any CPU.Build.0 = Release|Any CPU
		{20FE0239-D640-4846-8DCA-7833CAC46C07}.Release|iPhone.ActiveCfg = Release|Any CPU
		{20FE0239-D640-4846-8DCA-7833CAC46C07}.Release|iPhone.Build.0 = Release|Any CPU
		{20FE0239-D640-4846-8DCA-7833CAC46C07}.Release|iPhoneSimulator.ActiveCfg = Release|Any CPU
		{20FE0239-D640-4846-8DCA-7833CAC46C07}.Release|iPhoneSimulator.Build.0 = Release|Any CPU
		{3F29EF90-46E3-4A5F-959C-DFFAF78BBD21}.Debug|Any CPU.ActiveCfg = Debug|Any CPU
		{3F29EF90-46E3-4A5F-959C-DFFAF78BBD21}.Debug|Any CPU.Build.0 = Debug|Any CPU
		{3F29EF90-46E3-4A5F-959C-DFFAF78BBD21}.Debug|iPhone.ActiveCfg = Debug|Any CPU
		{3F29EF90-46E3-4A5F-959C-DFFAF78BBD21}.Debug|iPhone.Build.0 = Debug|Any CPU
		{3F29EF90-46E3-4A5F-959C-DFFAF78BBD21}.Debug|iPhoneSimulator.ActiveCfg = Debug|Any CPU
		{3F29EF90-46E3-4A5F-959C-DFFAF78BBD21}.Debug|iPhoneSimulator.Build.0 = Debug|Any CPU
		{3F29EF90-46E3-4A5F-959C-DFFAF78BBD21}.Release|Any CPU.ActiveCfg = Release|Any CPU
		{3F29EF90-46E3-4A5F-959C-DFFAF78BBD21}.Release|Any CPU.Build.0 = Release|Any CPU
		{3F29EF90-46E3-4A5F-959C-DFFAF78BBD21}.Release|iPhone.ActiveCfg = Release|Any CPU
		{3F29EF90-46E3-4A5F-959C-DFFAF78BBD21}.Release|iPhone.Build.0 = Release|Any CPU
		{3F29EF90-46E3-4A5F-959C-DFFAF78BBD21}.Release|iPhoneSimulator.ActiveCfg = Release|Any CPU
		{3F29EF90-46E3-4A5F-959C-DFFAF78BBD21}.Release|iPhoneSimulator.Build.0 = Release|Any CPU
		{9066DB1B-69CF-442F-8992-C490D853CEBC}.Debug|Any CPU.ActiveCfg = Debug|Any CPU
		{9066DB1B-69CF-442F-8992-C490D853CEBC}.Debug|Any CPU.Build.0 = Debug|Any CPU
		{9066DB1B-69CF-442F-8992-C490D853CEBC}.Debug|iPhone.ActiveCfg = Debug|Any CPU
		{9066DB1B-69CF-442F-8992-C490D853CEBC}.Debug|iPhone.Build.0 = Debug|Any CPU
		{9066DB1B-69CF-442F-8992-C490D853CEBC}.Debug|iPhoneSimulator.ActiveCfg = Debug|Any CPU
		{9066DB1B-69CF-442F-8992-C490D853CEBC}.Debug|iPhoneSimulator.Build.0 = Debug|Any CPU
		{9066DB1B-69CF-442F-8992-C490D853CEBC}.Release|Any CPU.ActiveCfg = Release|Any CPU
		{9066DB1B-69CF-442F-8992-C490D853CEBC}.Release|Any CPU.Build.0 = Release|Any CPU
		{9066DB1B-69CF-442F-8992-C490D853CEBC}.Release|iPhone.ActiveCfg = Release|Any CPU
		{9066DB1B-69CF-442F-8992-C490D853CEBC}.Release|iPhone.Build.0 = Release|Any CPU
		{9066DB1B-69CF-442F-8992-C490D853CEBC}.Release|iPhoneSimulator.ActiveCfg = Release|Any CPU
		{9066DB1B-69CF-442F-8992-C490D853CEBC}.Release|iPhoneSimulator.Build.0 = Release|Any CPU
		{762326FD-5908-47E0-A43E-77CFC30B3762}.Debug|Any CPU.ActiveCfg = Debug|Any CPU
		{762326FD-5908-47E0-A43E-77CFC30B3762}.Debug|Any CPU.Build.0 = Debug|Any CPU
		{762326FD-5908-47E0-A43E-77CFC30B3762}.Debug|iPhone.ActiveCfg = Debug|Any CPU
		{762326FD-5908-47E0-A43E-77CFC30B3762}.Debug|iPhone.Build.0 = Debug|Any CPU
		{762326FD-5908-47E0-A43E-77CFC30B3762}.Debug|iPhoneSimulator.ActiveCfg = Debug|Any CPU
		{762326FD-5908-47E0-A43E-77CFC30B3762}.Debug|iPhoneSimulator.Build.0 = Debug|Any CPU
		{762326FD-5908-47E0-A43E-77CFC30B3762}.Release|Any CPU.ActiveCfg = Release|Any CPU
		{762326FD-5908-47E0-A43E-77CFC30B3762}.Release|Any CPU.Build.0 = Release|Any CPU
		{762326FD-5908-47E0-A43E-77CFC30B3762}.Release|iPhone.ActiveCfg = Release|Any CPU
		{762326FD-5908-47E0-A43E-77CFC30B3762}.Release|iPhone.Build.0 = Release|Any CPU
		{762326FD-5908-47E0-A43E-77CFC30B3762}.Release|iPhoneSimulator.ActiveCfg = Release|Any CPU
		{762326FD-5908-47E0-A43E-77CFC30B3762}.Release|iPhoneSimulator.Build.0 = Release|Any CPU
		{332D1887-F175-4BEC-94F9-C618261DAC11}.Debug|Any CPU.ActiveCfg = Debug|Any CPU
		{332D1887-F175-4BEC-94F9-C618261DAC11}.Debug|Any CPU.Build.0 = Debug|Any CPU
		{332D1887-F175-4BEC-94F9-C618261DAC11}.Debug|iPhone.ActiveCfg = Debug|Any CPU
		{332D1887-F175-4BEC-94F9-C618261DAC11}.Debug|iPhone.Build.0 = Debug|Any CPU
		{332D1887-F175-4BEC-94F9-C618261DAC11}.Debug|iPhoneSimulator.ActiveCfg = Debug|Any CPU
		{332D1887-F175-4BEC-94F9-C618261DAC11}.Debug|iPhoneSimulator.Build.0 = Debug|Any CPU
		{332D1887-F175-4BEC-94F9-C618261DAC11}.Release|Any CPU.ActiveCfg = Release|Any CPU
		{332D1887-F175-4BEC-94F9-C618261DAC11}.Release|Any CPU.Build.0 = Release|Any CPU
		{332D1887-F175-4BEC-94F9-C618261DAC11}.Release|iPhone.ActiveCfg = Release|Any CPU
		{332D1887-F175-4BEC-94F9-C618261DAC11}.Release|iPhone.Build.0 = Release|Any CPU
		{332D1887-F175-4BEC-94F9-C618261DAC11}.Release|iPhoneSimulator.ActiveCfg = Release|Any CPU
		{332D1887-F175-4BEC-94F9-C618261DAC11}.Release|iPhoneSimulator.Build.0 = Release|Any CPU
		{67AF6DC4-4B01-401E-BBA8-8F0FB62BDD66}.Debug|Any CPU.ActiveCfg = Debug|Any CPU
		{67AF6DC4-4B01-401E-BBA8-8F0FB62BDD66}.Debug|Any CPU.Build.0 = Debug|Any CPU
		{67AF6DC4-4B01-401E-BBA8-8F0FB62BDD66}.Debug|iPhone.ActiveCfg = Debug|Any CPU
		{67AF6DC4-4B01-401E-BBA8-8F0FB62BDD66}.Debug|iPhone.Build.0 = Debug|Any CPU
		{67AF6DC4-4B01-401E-BBA8-8F0FB62BDD66}.Debug|iPhoneSimulator.ActiveCfg = Debug|Any CPU
		{67AF6DC4-4B01-401E-BBA8-8F0FB62BDD66}.Debug|iPhoneSimulator.Build.0 = Debug|Any CPU
		{67AF6DC4-4B01-401E-BBA8-8F0FB62BDD66}.Release|Any CPU.ActiveCfg = Release|Any CPU
		{67AF6DC4-4B01-401E-BBA8-8F0FB62BDD66}.Release|Any CPU.Build.0 = Release|Any CPU
		{67AF6DC4-4B01-401E-BBA8-8F0FB62BDD66}.Release|iPhone.ActiveCfg = Release|Any CPU
		{67AF6DC4-4B01-401E-BBA8-8F0FB62BDD66}.Release|iPhone.Build.0 = Release|Any CPU
		{67AF6DC4-4B01-401E-BBA8-8F0FB62BDD66}.Release|iPhoneSimulator.ActiveCfg = Release|Any CPU
		{67AF6DC4-4B01-401E-BBA8-8F0FB62BDD66}.Release|iPhoneSimulator.Build.0 = Release|Any CPU
	EndGlobalSection
	GlobalSection(SolutionProperties) = preSolution
		HideSolutionNode = FALSE
	EndGlobalSection
	GlobalSection(ExtensibilityGlobals) = postSolution
		SolutionGuid = {5A487DF9-2F94-42F7-830F-83EB39CB8546}
	EndGlobalSection
EndGlobal
